// !$*UTF8*$!
{
	archiveVersion = 1;
	classes = {
	};
	objectVersion = 46;
	objects = {

/* Begin PBXBuildFile section */
		F400DB421C9D6A09001BD317 /* json5-coder.c in Sources */ = {isa = PBXBuildFile; fileRef = F400DB401C9D6A09001BD317 /* json5-coder.c */; };
		F466AD6C1C95642400D4D738 /* json5-tokenizer.c in Sources */ = {isa = PBXBuildFile; fileRef = F466AD5C1C95642400D4D738 /* json5-tokenizer.c */; };
		F466AD6E1C95642400D4D738 /* json5-value.c in Sources */ = {isa = PBXBuildFile; fileRef = F466AD5F1C95642400D4D738 /* json5-value.c */; };
		F466AD701C95642400D4D738 /* json5-writer.c in Sources */ = {isa = PBXBuildFile; fileRef = F466AD621C95642400D4D738 /* json5-writer.c */; };
		F466AD891C95646A00D4D738 /* unicode-table.c in Sources */ = {isa = PBXBuildFile; fileRef = F466AD811C95646A00D4D738 /* unicode-table.c */; };
		F466AD8C1C9564C500D4D738 /* main.c in Sources */ = {isa = PBXBuildFile; fileRef = F466AD8B1C9564C500D4D738 /* main.c */; };
		F4FB9DAC1C999001008FB70C /* json5-parser.c in Sources */ = {isa = PBXBuildFile; fileRef = F4FB9DAA1C999001008FB70C /* json5-parser.c */; };
/* End PBXBuildFile section */

/* Begin PBXCopyFilesBuildPhase section */
		F4536FE51C0732B3001D408E /* CopyFiles */ = {
			isa = PBXCopyFilesBuildPhase;
			buildActionMask = 2147483647;
			dstPath = /usr/share/man/man1/;
			dstSubfolderSpec = 0;
			files = (
			);
			runOnlyForDeploymentPostprocessing = 1;
		};
/* End PBXCopyFilesBuildPhase section */

/* Begin PBXFileReference section */
		F400DB401C9D6A09001BD317 /* json5-coder.c */ = {isa = PBXFileReference; fileEncoding = 4; lastKnownFileType = sourcecode.c.c; path = "json5-coder.c"; sourceTree = "<group>"; };
		F400DB411C9D6A09001BD317 /* json5-coder.h */ = {isa = PBXFileReference; fileEncoding = 4; lastKnownFileType = sourcecode.c.h; path = "json5-coder.h"; sourceTree = "<group>"; };
		F4536FE71C0732B3001D408E /* json5 */ = {isa = PBXFileReference; explicitFileType = "compiled.mach-o.executable"; includeInIndex = 0; path = json5; sourceTree = BUILT_PRODUCTS_DIR; };
		F466AD5C1C95642400D4D738 /* json5-tokenizer.c */ = {isa = PBXFileReference; fileEncoding = 4; lastKnownFileType = sourcecode.c.c; path = "json5-tokenizer.c"; sourceTree = "<group>"; };
		F466AD5D1C95642400D4D738 /* json5-tokenizer.h */ = {isa = PBXFileReference; fileEncoding = 4; lastKnownFileType = sourcecode.c.h; path = "json5-tokenizer.h"; sourceTree = "<group>"; };
		F466AD5F1C95642400D4D738 /* json5-value.c */ = {isa = PBXFileReference; fileEncoding = 4; lastKnownFileType = sourcecode.c.c; path = "json5-value.c"; sourceTree = "<group>"; };
		F466AD601C95642400D4D738 /* json5-value.h */ = {isa = PBXFileReference; fileEncoding = 4; lastKnownFileType = sourcecode.c.h; path = "json5-value.h"; sourceTree = "<group>"; };
		F466AD621C95642400D4D738 /* json5-writer.c */ = {isa = PBXFileReference; fileEncoding = 4; lastKnownFileType = sourcecode.c.c; path = "json5-writer.c"; sourceTree = "<group>"; };
		F466AD631C95642400D4D738 /* json5-writer.h */ = {isa = PBXFileReference; fileEncoding = 4; lastKnownFileType = sourcecode.c.h; path = "json5-writer.h"; sourceTree = "<group>"; };
		F466AD661C95642400D4D738 /* json5.h */ = {isa = PBXFileReference; fileEncoding = 4; lastKnownFileType = sourcecode.c.h; path = json5.h; sourceTree = "<group>"; };
		F466AD7B1C95646A00D4D738 /* generate.pl */ = {isa = PBXFileReference; fileEncoding = 4; lastKnownFileType = text.script.perl; path = generate.pl; sourceTree = "<group>"; };
		F466AD801C95646A00D4D738 /* SpecialCasing.txt */ = {isa = PBXFileReference; fileEncoding = 4; lastKnownFileType = text; path = SpecialCasing.txt; sourceTree = "<group>"; };
		F466AD811C95646A00D4D738 /* unicode-table.c */ = {isa = PBXFileReference; fileEncoding = 4; lastKnownFileType = sourcecode.c.c; path = "unicode-table.c"; sourceTree = "<group>"; };
		F466AD821C95646A00D4D738 /* unicode-table.c.in */ = {isa = PBXFileReference; fileEncoding = 4; lastKnownFileType = text; path = "unicode-table.c.in"; sourceTree = "<group>"; };
		F466AD831C95646A00D4D738 /* unicode-table.h */ = {isa = PBXFileReference; fileEncoding = 4; lastKnownFileType = sourcecode.c.h; path = "unicode-table.h"; sourceTree = "<group>"; };
		F466AD841C95646A00D4D738 /* unicode-table.h.in */ = {isa = PBXFileReference; fileEncoding = 4; lastKnownFileType = text; path = "unicode-table.h.in"; sourceTree = "<group>"; };
		F466AD861C95646A00D4D738 /* UnicodeData.txt */ = {isa = PBXFileReference; fileEncoding = 4; lastKnownFileType = text; path = UnicodeData.txt; sourceTree = "<group>"; };
		F466AD8B1C9564C500D4D738 /* main.c */ = {isa = PBXFileReference; fileEncoding = 4; lastKnownFileType = sourcecode.c.c; name = main.c; path = json5/main.c; sourceTree = "<group>"; };
		F4FB9DAA1C999001008FB70C /* json5-parser.c */ = {isa = PBXFileReference; fileEncoding = 4; lastKnownFileType = sourcecode.c.c; path = "json5-parser.c"; sourceTree = "<group>"; };
		F4FB9DAB1C999001008FB70C /* json5-parser.h */ = {isa = PBXFileReference; fileEncoding = 4; lastKnownFileType = sourcecode.c.h; path = "json5-parser.h"; sourceTree = "<group>"; };
/* End PBXFileReference section */

/* Begin PBXFrameworksBuildPhase section */
		F4536FE41C0732B3001D408E /* Frameworks */ = {
			isa = PBXFrameworksBuildPhase;
			buildActionMask = 2147483647;
			files = (
			);
			runOnlyForDeploymentPostprocessing = 0;
		};
/* End PBXFrameworksBuildPhase section */

/* Begin PBXGroup section */
		F4536FDE1C0732B3001D408E = {
			isa = PBXGroup;
			children = (
				F466AD781C95646A00D4D738 /* unicode-table */,
				F466AD551C95642400D4D738 /* json5 */,
				F466AD8B1C9564C500D4D738 /* main.c */,
				F4536FE81C0732B3001D408E /* Products */,
			);
			sourceTree = "<group>";
		};
		F4536FE81C0732B3001D408E /* Products */ = {
			isa = PBXGroup;
			children = (
				F4536FE71C0732B3001D408E /* json5 */,
			);
			name = Products;
			sourceTree = "<group>";
		};
		F466AD551C95642400D4D738 /* json5 */ = {
			isa = PBXGroup;
			children = (
				F466AD5C1C95642400D4D738 /* json5-tokenizer.c */,
				F466AD5D1C95642400D4D738 /* json5-tokenizer.h */,
				F4FB9DAA1C999001008FB70C /* json5-parser.c */,
				F4FB9DAB1C999001008FB70C /* json5-parser.h */,
				F466AD5F1C95642400D4D738 /* json5-value.c */,
				F466AD601C95642400D4D738 /* json5-value.h */,
				F466AD621C95642400D4D738 /* json5-writer.c */,
				F466AD631C95642400D4D738 /* json5-writer.h */,
				F400DB401C9D6A09001BD317 /* json5-coder.c */,
				F400DB411C9D6A09001BD317 /* json5-coder.h */,
				F466AD661C95642400D4D738 /* json5.h */,
			);
			name = json5;
			path = ../../src;
			sourceTree = "<group>";
		};
		F466AD781C95646A00D4D738 /* unicode-table */ = {
			isa = PBXGroup;
			children = (
				F466AD7B1C95646A00D4D738 /* generate.pl */,
				F466AD801C95646A00D4D738 /* SpecialCasing.txt */,
				F466AD811C95646A00D4D738 /* unicode-table.c */,
				F466AD821C95646A00D4D738 /* unicode-table.c.in */,
				F466AD831C95646A00D4D738 /* unicode-table.h */,
				F466AD841C95646A00D4D738 /* unicode-table.h.in */,
				F466AD861C95646A00D4D738 /* UnicodeData.txt */,
			);
			name = "unicode-table";
			path = "../../unicode-table/src";
			sourceTree = "<group>";
		};
/* End PBXGroup section */

/* Begin PBXNativeTarget section */
		F4536FE61C0732B3001D408E /* json5 */ = {
			isa = PBXNativeTarget;
			buildConfigurationList = F4536FEE1C0732B3001D408E /* Build configuration list for PBXNativeTarget "json5" */;
			buildPhases = (
				F4536FE31C0732B3001D408E /* Sources */,
				F4536FE41C0732B3001D408E /* Frameworks */,
				F4536FE51C0732B3001D408E /* CopyFiles */,
			);
			buildRules = (
			);
			dependencies = (
			);
			name = json5;
			productName = json5;
			productReference = F4536FE71C0732B3001D408E /* json5 */;
			productType = "com.apple.product-type.tool";
		};
/* End PBXNativeTarget section */

/* Begin PBXProject section */
		F4536FDF1C0732B3001D408E /* Project object */ = {
			isa = PBXProject;
			attributes = {
				LastUpgradeCheck = 0710;
				ORGANIZATIONNAME = Simon;
				TargetAttributes = {
					F4536FE61C0732B3001D408E = {
						CreatedOnToolsVersion = 7.1.1;
					};
				};
			};
			buildConfigurationList = F4536FE21C0732B3001D408E /* Build configuration list for PBXProject "json5" */;
			compatibilityVersion = "Xcode 3.2";
			developmentRegion = English;
			hasScannedForEncodings = 0;
			knownRegions = (
				en,
			);
			mainGroup = F4536FDE1C0732B3001D408E;
			productRefGroup = F4536FE81C0732B3001D408E /* Products */;
			projectDirPath = "";
			projectRoot = "";
			targets = (
				F4536FE61C0732B3001D408E /* json5 */,
			);
		};
/* End PBXProject section */

/* Begin PBXSourcesBuildPhase section */
		F4536FE31C0732B3001D408E /* Sources */ = {
			isa = PBXSourcesBuildPhase;
			buildActionMask = 2147483647;
			files = (
				F466AD891C95646A00D4D738 /* unicode-table.c in Sources */,
				F4FB9DAC1C999001008FB70C /* json5-parser.c in Sources */,
				F466AD6C1C95642400D4D738 /* json5-tokenizer.c in Sources */,
				F466AD8C1C9564C500D4D738 /* main.c in Sources */,
				F466AD701C95642400D4D738 /* json5-writer.c in Sources */,
				F466AD6E1C95642400D4D738 /* json5-value.c in Sources */,
				F400DB421C9D6A09001BD317 /* json5-coder.c in Sources */,
			);
			runOnlyForDeploymentPostprocessing = 0;
		};
/* End PBXSourcesBuildPhase section */

/* Begin XCBuildConfiguration section */
		F4536FEC1C0732B3001D408E /* Debug */ = {
			isa = XCBuildConfiguration;
			buildSettings = {
				ALWAYS_SEARCH_USER_PATHS = NO;
				CLANG_CXX_LANGUAGE_STANDARD = "gnu++0x";
				CLANG_CXX_LIBRARY = "libc++";
				CLANG_ENABLE_MODULES = YES;
				CLANG_ENABLE_OBJC_ARC = YES;
				CLANG_WARN_BOOL_CONVERSION = YES;
				CLANG_WARN_CONSTANT_CONVERSION = YES;
				CLANG_WARN_DIRECT_OBJC_ISA_USAGE = YES_ERROR;
				CLANG_WARN_EMPTY_BODY = YES;
				CLANG_WARN_ENUM_CONVERSION = YES;
				CLANG_WARN_INT_CONVERSION = YES;
				CLANG_WARN_OBJC_ROOT_CLASS = YES_ERROR;
				CLANG_WARN_UNREACHABLE_CODE = YES;
				CLANG_WARN__DUPLICATE_METHOD_MATCH = YES;
				CODE_SIGN_IDENTITY = "-";
				COPY_PHASE_STRIP = NO;
				DEBUG_INFORMATION_FORMAT = dwarf;
				ENABLE_STRICT_OBJC_MSGSEND = YES;
				ENABLE_TESTABILITY = YES;
				GCC_C_LANGUAGE_STANDARD = gnu99;
				GCC_DYNAMIC_NO_PIC = NO;
				GCC_NO_COMMON_BLOCKS = YES;
				GCC_OPTIMIZATION_LEVEL = 0;
				GCC_PREPROCESSOR_DEFINITIONS = (
					"DEBUG=1",
					"$(inherited)",
				);
				GCC_WARN_64_TO_32_BIT_CONVERSION = YES;
				GCC_WARN_ABOUT_RETURN_TYPE = YES_ERROR;
				GCC_WARN_UNDECLARED_SELECTOR = YES;
				GCC_WARN_UNINITIALIZED_AUTOS = YES_AGGRESSIVE;
				GCC_WARN_UNUSED_FUNCTION = YES;
				GCC_WARN_UNUSED_VARIABLE = YES;
				MACOSX_DEPLOYMENT_TARGET = 10.11;
				MTL_ENABLE_DEBUG_INFO = YES;
				ONLY_ACTIVE_ARCH = YES;
				SDKROOT = macosx;
			};
			name = Debug;
		};
		F4536FED1C0732B3001D408E /* Release */ = {
			isa = XCBuildConfiguration;
			buildSettings = {
				ALWAYS_SEARCH_USER_PATHS = NO;
				CLANG_CXX_LANGUAGE_STANDARD = "gnu++0x";
				CLANG_CXX_LIBRARY = "libc++";
				CLANG_ENABLE_MODULES = YES;
				CLANG_ENABLE_OBJC_ARC = YES;
				CLANG_WARN_BOOL_CONVERSION = YES;
				CLANG_WARN_CONSTANT_CONVERSION = YES;
				CLANG_WARN_DIRECT_OBJC_ISA_USAGE = YES_ERROR;
				CLANG_WARN_EMPTY_BODY = YES;
				CLANG_WARN_ENUM_CONVERSION = YES;
				CLANG_WARN_INT_CONVERSION = YES;
				CLANG_WARN_OBJC_ROOT_CLASS = YES_ERROR;
				CLANG_WARN_UNREACHABLE_CODE = YES;
				CLANG_WARN__DUPLICATE_METHOD_MATCH = YES;
				CODE_SIGN_IDENTITY = "-";
				COPY_PHASE_STRIP = NO;
				DEBUG_INFORMATION_FORMAT = "dwarf-with-dsym";
				ENABLE_NS_ASSERTIONS = NO;
				ENABLE_STRICT_OBJC_MSGSEND = YES;
				GCC_C_LANGUAGE_STANDARD = gnu99;
				GCC_NO_COMMON_BLOCKS = YES;
				GCC_WARN_64_TO_32_BIT_CONVERSION = YES;
				GCC_WARN_ABOUT_RETURN_TYPE = YES_ERROR;
				GCC_WARN_UNDECLARED_SELECTOR = YES;
				GCC_WARN_UNINITIALIZED_AUTOS = YES_AGGRESSIVE;
				GCC_WARN_UNUSED_FUNCTION = YES;
				GCC_WARN_UNUSED_VARIABLE = YES;
				MACOSX_DEPLOYMENT_TARGET = 10.11;
				MTL_ENABLE_DEBUG_INFO = NO;
				SDKROOT = macosx;
			};
			name = Release;
		};
		F4536FEF1C0732B3001D408E /* Debug */ = {
			isa = XCBuildConfiguration;
			buildSettings = {
				PRODUCT_NAME = "$(TARGET_NAME)";
			};
			name = Debug;
		};
		F4536FF01C0732B3001D408E /* Release */ = {
			isa = XCBuildConfiguration;
			buildSettings = {
				PRODUCT_NAME = "$(TARGET_NAME)";
			};
			name = Release;
		};
/* End XCBuildConfiguration section */

/* Begin XCConfigurationList section */
		F4536FE21C0732B3001D408E /* Build configuration list for PBXProject "json5" */ = {
			isa = XCConfigurationList;
			buildConfigurations = (
				F4536FEC1C0732B3001D408E /* Debug */,
				F4536FED1C0732B3001D408E /* Release */,
			);
			defaultConfigurationIsVisible = 0;
			defaultConfigurationName = Release;
		};
		F4536FEE1C0732B3001D408E /* Build configuration list for PBXNativeTarget "json5" */ = {
			isa = XCConfigurationList;
			buildConfigurations = (
				F4536FEF1C0732B3001D408E /* Debug */,
				F4536FF01C0732B3001D408E /* Release */,
			);
			defaultConfigurationIsVisible = 0;
			defaultConfigurationName = Release;
		};
/* End XCConfigurationList section */
	};
	rootObject = F4536FDF1C0732B3001D408E /* Project object */;
}
